{
  "name": "evapro-server",
  "version": "1.0.0",
  "description": "Servidor de resultados en tiempo real para EVALUAPRO-UTCH",
  "main": "server.js",
  "scripts": {
    "start": "node server.js",
    "dev": "node server.js",
    "test": "node --test test/*.test.js",
    "test:postgres": "node -e \"if(!process.env.TEST_DATABASE_URL&&!process.env.DATABASE_URL)throw Error('TEST_DATABASE_URL or DATABASE_URL required')\" && node --test test/postgres.integration.test.js",
    "check": "node --check server.js && node --check ../netlify/app.js"
  },
  "dependencies": {
    "cors": "^2.8.5",
    "express": "^4.18.2",
    "pg": "^8.22.0",
    "ws": "^8.16.0"
  }
}
